
Microsoft Visual Studio Solution File, Format Version 12.00
# Visual Studio Version 17
VisualStudioVersion = 17.0.31912.275
MinimumVisualStudioVersion = 10.0.40219.1
Project("{FAE04EC0-301F-11D3-BF4B-00C04F79EFBC}") = "döviz_kurlarını_çekme", "döviz_kurlarını_çekme.csproj", "{4D27AE0D-6FAA-4F5A-8453-196382164371}"
EndProject
Global
	GlobalSection(SolutionConfigurationPlatforms) = preSolution
		Debug|Any CPU = Debug|Any CPU
		Release|Any CPU = Release|Any CPU
	EndGlobalSection
	GlobalSection(ProjectConfigurationPlatforms) = postSolution
		{4D27AE0D-6FAA-4F5A-8453-196382164371}.Debug|Any CPU.ActiveCfg = Debug|Any CPU
		{4D27AE0D-6FAA-4F5A-8453-196382164371}.Debug|Any CPU.Build.0 = Debug|Any CPU
		{4D27AE0D-6FAA-4F5A-8453-196382164371}.Release|Any CPU.ActiveCfg = Release|Any CPU
		{4D27AE0D-6FAA-4F5A-8453-196382164371}.Release|Any CPU.Build.0 = Release|Any CPU
	EndGlobalSection
	GlobalSection(SolutionProperties) = preSolution
		HideSolutionNode = FALSE
	EndGlobalSection
	GlobalSection(ExtensibilityGlobals) = postSolution
		SolutionGuid = {3CAA6356-E17F-4E7F-8A75-17A5BC697F82}
	EndGlobalSection
EndGlobal
